
Microsoft Visual Studio Solution File, Format Version 12.00
# Visual Studio Version 17
VisualStudioVersion = 17.14.36121.58
MinimumVisualStudioVersion = 10.0.40219.1
Project("{FAE04EC0-301F-11D3-BF4B-00C04F79EFBC}") = "QLNV", "QLNV.csproj", "{1BE924A9-C0AF-4F34-BB65-1A0BEAC292F2}"
EndProject
Project("{FAE04EC0-301F-11D3-BF4B-00C04F79EFBC}") = "QLNV.Domain", "..\QLNV.Domain\QLNV.Domain.csproj", "{921FF7F5-BFDB-47A6-B95B-2AB8E692C4BA}"
EndProject
Project("{FAE04EC0-301F-11D3-BF4B-00C04F79EFBC}") = "QLNV.Application", "..\QLNV.Application\QLNV.Application.csproj", "{33AC77E5-8865-46A9-AF95-6A372C956A5C}"
EndProject
Project("{FAE04EC0-301F-11D3-BF4B-00C04F79EFBC}") = "QLNV.Infrastructure", "..\QLNV.Infrastructure\QLNV.Infrastructure.csproj", "{7E7001CE-1F3A-4D00-9C03-6BD8D3003E75}"
EndProject
Project("{FAE04EC0-301F-11D3-BF4B-00C04F79EFBC}") = "QLNV.Presentation", "..\QLNV.Presentation\QLNV.Presentation.csproj", "{7763A9F9-72AD-406B-A12D-A0C9045877F7}"
EndProject
Global
	GlobalSection(SolutionConfigurationPlatforms) = preSolution
		Debug|Any CPU = Debug|Any CPU
		Release|Any CPU = Release|Any CPU
	EndGlobalSection
	GlobalSection(ProjectConfigurationPlatforms) = postSolution
		{1BE924A9-C0AF-4F34-BB65-1A0BEAC292F2}.Debug|Any CPU.ActiveCfg = Debug|Any CPU
		{1BE924A9-C0AF-4F34-BB65-1A0BEAC292F2}.Debug|Any CPU.Build.0 = Debug|Any CPU
		{1BE924A9-C0AF-4F34-BB65-1A0BEAC292F2}.Release|Any CPU.ActiveCfg = Release|Any CPU
		{1BE924A9-C0AF-4F34-BB65-1A0BEAC292F2}.Release|Any CPU.Build.0 = Release|Any CPU
		{921FF7F5-BFDB-47A6-B95B-2AB8E692C4BA}.Debug|Any CPU.ActiveCfg = Debug|Any CPU
		{921FF7F5-BFDB-47A6-B95B-2AB8E692C4BA}.Debug|Any CPU.Build.0 = Debug|Any CPU
		{921FF7F5-BFDB-47A6-B95B-2AB8E692C4BA}.Release|Any CPU.ActiveCfg = Release|Any CPU
		{921FF7F5-BFDB-47A6-B95B-2AB8E692C4BA}.Release|Any CPU.Build.0 = Release|Any CPU
		{33AC77E5-8865-46A9-AF95-6A372C956A5C}.Debug|Any CPU.ActiveCfg = Debug|Any CPU
		{33AC77E5-8865-46A9-AF95-6A372C956A5C}.Debug|Any CPU.Build.0 = Debug|Any CPU
		{33AC77E5-8865-46A9-AF95-6A372C956A5C}.Release|Any CPU.ActiveCfg = Release|Any CPU
		{33AC77E5-8865-46A9-AF95-6A372C956A5C}.Release|Any CPU.Build.0 = Release|Any CPU
		{7E7001CE-1F3A-4D00-9C03-6BD8D3003E75}.Debug|Any CPU.ActiveCfg = Debug|Any CPU
		{7E7001CE-1F3A-4D00-9C03-6BD8D3003E75}.Debug|Any CPU.Build.0 = Debug|Any CPU
		{7E7001CE-1F3A-4D00-9C03-6BD8D3003E75}.Release|Any CPU.ActiveCfg = Release|Any CPU
		{7E7001CE-1F3A-4D00-9C03-6BD8D3003E75}.Release|Any CPU.Build.0 = Release|Any CPU
		{7763A9F9-72AD-406B-A12D-A0C9045877F7}.Debug|Any CPU.ActiveCfg = Debug|Any CPU
		{7763A9F9-72AD-406B-A12D-A0C9045877F7}.Debug|Any CPU.Build.0 = Debug|Any CPU
		{7763A9F9-72AD-406B-A12D-A0C9045877F7}.Release|Any CPU.ActiveCfg = Release|Any CPU
		{7763A9F9-72AD-406B-A12D-A0C9045877F7}.Release|Any CPU.Build.0 = Release|Any CPU
	EndGlobalSection
	GlobalSection(SolutionProperties) = preSolution
		HideSolutionNode = FALSE
	EndGlobalSection
	GlobalSection(ExtensibilityGlobals) = postSolution
		SolutionGuid = {59502C9C-388E-4EA7-803A-7AF760B995A0}
	EndGlobalSection
EndGlobal
