
Microsoft Visual Studio Solution File, Format Version 12.00
# Visual Studio Version 17
VisualStudioVersion = 17.14.36121.58 d17.14
MinimumVisualStudioVersion = 10.0.40219.1
Project("{2150E333-8FDC-42A3-9474-1A3956D46DE8}") = "Command", "Command", "{02EA681E-C7D8-13C7-8484-4AC65E1B71E8}"
EndProject
Project("{FAE04EC0-301F-11D3-BF4B-00C04F79EFBC}") = "QuanLyNhanVien.Command.API", "QuanLyNhanVien.Command.API\QuanLyNhanVien.Command.API.csproj", "{713B8525-ED4A-49B0-B753-0E775F167545}"
EndProject
Project("{FAE04EC0-301F-11D3-BF4B-00C04F79EFBC}") = "QuanLyNhanVien.Command.Application", "QuanLyNhanVien.Command.Application\QuanLyNhanVien.Command.Application.csproj", "{2EA0557B-4911-45F0-A174-2D4133B327FF}"
EndProject
Project("{FAE04EC0-301F-11D3-BF4B-00C04F79EFBC}") = "QuanLyNhanVien.Command.Contracts", "QuanLyNhanVien.Command.Contracts\QuanLyNhanVien.Command.Contracts.csproj", "{A2F7203D-3C7F-49B1-878D-898DE648C557}"
EndProject
Project("{FAE04EC0-301F-11D3-BF4B-00C04F79EFBC}") = "QuanLyNhanVien.Command.Domain", "QuanLyNhanVien.Command.Domain\QuanLyNhanVien.Command.Domain.csproj", "{93B6DB48-BD7F-4FB5-BD38-1E2749D2B2E8}"
EndProject
Project("{FAE04EC0-301F-11D3-BF4B-00C04F79EFBC}") = "QuanLyNhanVien.Command.Infrastructure", "QuanLyNhanVien.Command.Infrastructure\QuanLyNhanVien.Command.Infrastructure.csproj", "{30F3F0C7-5FF3-400E-B3C3-15082E2836B2}"
EndProject
Project("{FAE04EC0-301F-11D3-BF4B-00C04F79EFBC}") = "QuanLyNhanVien.Command.Persistence", "QuanLyNhanVien.Command.Persistence\QuanLyNhanVien.Command.Persistence.csproj", "{15D685DE-FA84-4836-B15E-5F5331B93BCD}"
EndProject
Project("{FAE04EC0-301F-11D3-BF4B-00C04F79EFBC}") = "QuanLyNhanVien.Command.Presentation", "QuanLyNhanVien.Command.Presentation\QuanLyNhanVien.Command.Presentation.csproj", "{ED579FB5-7FDB-43C2-90A9-6798619A8805}"
EndProject
Project("{2150E333-8FDC-42A3-9474-1A3956D46DE8}") = "Query", "Query", "{FB427A8C-7B0C-41EF-890C-D98B78707905}"
EndProject
Project("{FAE04EC0-301F-11D3-BF4B-00C04F79EFBC}") = "QuanLyNhanVien.Query.API", "QuanLyNhanVien.Query.API\QuanLyNhanVien.Query.API.csproj", "{994446F7-A4EA-4781-B98F-4E44AAE8E77D}"
EndProject
Project("{FAE04EC0-301F-11D3-BF4B-00C04F79EFBC}") = "QuanLyNhanVien.Query.Presentation", "QuanLyNhanVien.Query.Presentation\QuanLyNhanVien.Query.Presentation.csproj", "{011ECF07-D0C0-4C46-BB30-FB2A4835A336}"
EndProject
Project("{FAE04EC0-301F-11D3-BF4B-00C04F79EFBC}") = "QuanLyNhanVien.Query.Application", "QuanLyNhanVien.Query.Application\QuanLyNhanVien.Query.Application.csproj", "{D98613B6-868B-4CCC-AB09-FC8C813D2117}"
EndProject
Project("{FAE04EC0-301F-11D3-BF4B-00C04F79EFBC}") = "QuanLyNhanVien.Query.Contracts", "QuanLyNhanVien.Query.Contracts\QuanLyNhanVien.Query.Contracts.csproj", "{4B8A5AAD-55F8-4A9A-83E8-9F857211DDBD}"
EndProject
Project("{FAE04EC0-301F-11D3-BF4B-00C04F79EFBC}") = "QuanLyNhanVien.Query.Domain", "QuanLyNhanVien.Query.Domain\QuanLyNhanVien.Query.Domain.csproj", "{F4E178FF-CF53-41B7-AA09-B38CE8AB2113}"
EndProject
Project("{FAE04EC0-301F-11D3-BF4B-00C04F79EFBC}") = "QuanLyNhanVien.Query.Infrastructure", "QuanLyNhanVien.Query.Infrastructure\QuanLyNhanVien.Query.Infrastructure.csproj", "{399C6DBC-B2BC-48BE-8C82-662ADD1141B2}"
EndProject
Project("{FAE04EC0-301F-11D3-BF4B-00C04F79EFBC}") = "QuanLyNhanVien.Query.Persistence", "QuanLyNhanVien.Query.Persistence\QuanLyNhanVien.Query.Persistence.csproj", "{AB22FB43-0216-456D-81BF-E24D922E6743}"
EndProject
Global
	GlobalSection(SolutionConfigurationPlatforms) = preSolution
		Debug|Any CPU = Debug|Any CPU
		Release|Any CPU = Release|Any CPU
	EndGlobalSection
	GlobalSection(ProjectConfigurationPlatforms) = postSolution
		{713B8525-ED4A-49B0-B753-0E775F167545}.Debug|Any CPU.ActiveCfg = Debug|Any CPU
		{713B8525-ED4A-49B0-B753-0E775F167545}.Debug|Any CPU.Build.0 = Debug|Any CPU
		{713B8525-ED4A-49B0-B753-0E775F167545}.Release|Any CPU.ActiveCfg = Release|Any CPU
		{713B8525-ED4A-49B0-B753-0E775F167545}.Release|Any CPU.Build.0 = Release|Any CPU
		{2EA0557B-4911-45F0-A174-2D4133B327FF}.Debug|Any CPU.ActiveCfg = Debug|Any CPU
		{2EA0557B-4911-45F0-A174-2D4133B327FF}.Debug|Any CPU.Build.0 = Debug|Any CPU
		{2EA0557B-4911-45F0-A174-2D4133B327FF}.Release|Any CPU.ActiveCfg = Release|Any CPU
		{2EA0557B-4911-45F0-A174-2D4133B327FF}.Release|Any CPU.Build.0 = Release|Any CPU
		{A2F7203D-3C7F-49B1-878D-898DE648C557}.Debug|Any CPU.ActiveCfg = Debug|Any CPU
		{A2F7203D-3C7F-49B1-878D-898DE648C557}.Debug|Any CPU.Build.0 = Debug|Any CPU
		{A2F7203D-3C7F-49B1-878D-898DE648C557}.Release|Any CPU.ActiveCfg = Release|Any CPU
		{A2F7203D-3C7F-49B1-878D-898DE648C557}.Release|Any CPU.Build.0 = Release|Any CPU
		{93B6DB48-BD7F-4FB5-BD38-1E2749D2B2E8}.Debug|Any CPU.ActiveCfg = Debug|Any CPU
		{93B6DB48-BD7F-4FB5-BD38-1E2749D2B2E8}.Debug|Any CPU.Build.0 = Debug|Any CPU
		{93B6DB48-BD7F-4FB5-BD38-1E2749D2B2E8}.Release|Any CPU.ActiveCfg = Release|Any CPU
		{93B6DB48-BD7F-4FB5-BD38-1E2749D2B2E8}.Release|Any CPU.Build.0 = Release|Any CPU
		{30F3F0C7-5FF3-400E-B3C3-15082E2836B2}.Debug|Any CPU.ActiveCfg = Debug|Any CPU
		{30F3F0C7-5FF3-400E-B3C3-15082E2836B2}.Debug|Any CPU.Build.0 = Debug|Any CPU
		{30F3F0C7-5FF3-400E-B3C3-15082E2836B2}.Release|Any CPU.ActiveCfg = Release|Any CPU
		{30F3F0C7-5FF3-400E-B3C3-15082E2836B2}.Release|Any CPU.Build.0 = Release|Any CPU
		{15D685DE-FA84-4836-B15E-5F5331B93BCD}.Debug|Any CPU.ActiveCfg = Debug|Any CPU
		{15D685DE-FA84-4836-B15E-5F5331B93BCD}.Debug|Any CPU.Build.0 = Debug|Any CPU
		{15D685DE-FA84-4836-B15E-5F5331B93BCD}.Release|Any CPU.ActiveCfg = Release|Any CPU
		{15D685DE-FA84-4836-B15E-5F5331B93BCD}.Release|Any CPU.Build.0 = Release|Any CPU
		{ED579FB5-7FDB-43C2-90A9-6798619A8805}.Debug|Any CPU.ActiveCfg = Debug|Any CPU
		{ED579FB5-7FDB-43C2-90A9-6798619A8805}.Debug|Any CPU.Build.0 = Debug|Any CPU
		{ED579FB5-7FDB-43C2-90A9-6798619A8805}.Release|Any CPU.ActiveCfg = Release|Any CPU
		{ED579FB5-7FDB-43C2-90A9-6798619A8805}.Release|Any CPU.Build.0 = Release|Any CPU
		{994446F7-A4EA-4781-B98F-4E44AAE8E77D}.Debug|Any CPU.ActiveCfg = Debug|Any CPU
		{994446F7-A4EA-4781-B98F-4E44AAE8E77D}.Debug|Any CPU.Build.0 = Debug|Any CPU
		{994446F7-A4EA-4781-B98F-4E44AAE8E77D}.Release|Any CPU.ActiveCfg = Release|Any CPU
		{994446F7-A4EA-4781-B98F-4E44AAE8E77D}.Release|Any CPU.Build.0 = Release|Any CPU
		{011ECF07-D0C0-4C46-BB30-FB2A4835A336}.Debug|Any CPU.ActiveCfg = Debug|Any CPU
		{011ECF07-D0C0-4C46-BB30-FB2A4835A336}.Debug|Any CPU.Build.0 = Debug|Any CPU
		{011ECF07-D0C0-4C46-BB30-FB2A4835A336}.Release|Any CPU.ActiveCfg = Release|Any CPU
		{011ECF07-D0C0-4C46-BB30-FB2A4835A336}.Release|Any CPU.Build.0 = Release|Any CPU
		{D98613B6-868B-4CCC-AB09-FC8C813D2117}.Debug|Any CPU.ActiveCfg = Debug|Any CPU
		{D98613B6-868B-4CCC-AB09-FC8C813D2117}.Debug|Any CPU.Build.0 = Debug|Any CPU
		{D98613B6-868B-4CCC-AB09-FC8C813D2117}.Release|Any CPU.ActiveCfg = Release|Any CPU
		{D98613B6-868B-4CCC-AB09-FC8C813D2117}.Release|Any CPU.Build.0 = Release|Any CPU
		{4B8A5AAD-55F8-4A9A-83E8-9F857211DDBD}.Debug|Any CPU.ActiveCfg = Debug|Any CPU
		{4B8A5AAD-55F8-4A9A-83E8-9F857211DDBD}.Debug|Any CPU.Build.0 = Debug|Any CPU
		{4B8A5AAD-55F8-4A9A-83E8-9F857211DDBD}.Release|Any CPU.ActiveCfg = Release|Any CPU
		{4B8A5AAD-55F8-4A9A-83E8-9F857211DDBD}.Release|Any CPU.Build.0 = Release|Any CPU
		{F4E178FF-CF53-41B7-AA09-B38CE8AB2113}.Debug|Any CPU.ActiveCfg = Debug|Any CPU
		{F4E178FF-CF53-41B7-AA09-B38CE8AB2113}.Debug|Any CPU.Build.0 = Debug|Any CPU
		{F4E178FF-CF53-41B7-AA09-B38CE8AB2113}.Release|Any CPU.ActiveCfg = Release|Any CPU
		{F4E178FF-CF53-41B7-AA09-B38CE8AB2113}.Release|Any CPU.Build.0 = Release|Any CPU
		{399C6DBC-B2BC-48BE-8C82-662ADD1141B2}.Debug|Any CPU.ActiveCfg = Debug|Any CPU
		{399C6DBC-B2BC-48BE-8C82-662ADD1141B2}.Debug|Any CPU.Build.0 = Debug|Any CPU
		{399C6DBC-B2BC-48BE-8C82-662ADD1141B2}.Release|Any CPU.ActiveCfg = Release|Any CPU
		{399C6DBC-B2BC-48BE-8C82-662ADD1141B2}.Release|Any CPU.Build.0 = Release|Any CPU
		{AB22FB43-0216-456D-81BF-E24D922E6743}.Debug|Any CPU.ActiveCfg = Debug|Any CPU
		{AB22FB43-0216-456D-81BF-E24D922E6743}.Debug|Any CPU.Build.0 = Debug|Any CPU
		{AB22FB43-0216-456D-81BF-E24D922E6743}.Release|Any CPU.ActiveCfg = Release|Any CPU
		{AB22FB43-0216-456D-81BF-E24D922E6743}.Release|Any CPU.Build.0 = Release|Any CPU
	EndGlobalSection
	GlobalSection(SolutionProperties) = preSolution
		HideSolutionNode = FALSE
	EndGlobalSection
	GlobalSection(NestedProjects) = preSolution
		{713B8525-ED4A-49B0-B753-0E775F167545} = {02EA681E-C7D8-13C7-8484-4AC65E1B71E8}
		{2EA0557B-4911-45F0-A174-2D4133B327FF} = {02EA681E-C7D8-13C7-8484-4AC65E1B71E8}
		{A2F7203D-3C7F-49B1-878D-898DE648C557} = {02EA681E-C7D8-13C7-8484-4AC65E1B71E8}
		{93B6DB48-BD7F-4FB5-BD38-1E2749D2B2E8} = {02EA681E-C7D8-13C7-8484-4AC65E1B71E8}
		{30F3F0C7-5FF3-400E-B3C3-15082E2836B2} = {02EA681E-C7D8-13C7-8484-4AC65E1B71E8}
		{15D685DE-FA84-4836-B15E-5F5331B93BCD} = {02EA681E-C7D8-13C7-8484-4AC65E1B71E8}
		{ED579FB5-7FDB-43C2-90A9-6798619A8805} = {02EA681E-C7D8-13C7-8484-4AC65E1B71E8}
		{994446F7-A4EA-4781-B98F-4E44AAE8E77D} = {FB427A8C-7B0C-41EF-890C-D98B78707905}
		{011ECF07-D0C0-4C46-BB30-FB2A4835A336} = {FB427A8C-7B0C-41EF-890C-D98B78707905}
		{D98613B6-868B-4CCC-AB09-FC8C813D2117} = {FB427A8C-7B0C-41EF-890C-D98B78707905}
		{4B8A5AAD-55F8-4A9A-83E8-9F857211DDBD} = {FB427A8C-7B0C-41EF-890C-D98B78707905}
		{F4E178FF-CF53-41B7-AA09-B38CE8AB2113} = {FB427A8C-7B0C-41EF-890C-D98B78707905}
		{399C6DBC-B2BC-48BE-8C82-662ADD1141B2} = {FB427A8C-7B0C-41EF-890C-D98B78707905}
		{AB22FB43-0216-456D-81BF-E24D922E6743} = {FB427A8C-7B0C-41EF-890C-D98B78707905}
	EndGlobalSection
	GlobalSection(ExtensibilityGlobals) = postSolution
		SolutionGuid = {19C2A29E-49B9-4CCD-9CF5-8E1219922A12}
	EndGlobalSection
EndGlobal
