
Microsoft Visual Studio Solution File, Format Version 12.00
# Visual Studio Version 17
VisualStudioVersion = 17.14.36121.58 d17.14
MinimumVisualStudioVersion = 10.0.40219.1
Project("{FAE04EC0-301F-11D3-BF4B-00C04F79EFBC}") = "QLNV", "QLNV.csproj", "{1BE924A9-C0AF-4F34-BB65-1A0BEAC292F2}"
EndProject
Global
	GlobalSection(SolutionConfigurationPlatforms) = preSolution
		Debug|Any CPU = Debug|Any CPU
		Release|Any CPU = Release|Any CPU
	EndGlobalSection
	GlobalSection(ProjectConfigurationPlatforms) = postSolution
		{1BE924A9-C0AF-4F34-BB65-1A0BEAC292F2}.Debug|Any CPU.ActiveCfg = Debug|Any CPU
		{1BE924A9-C0AF-4F34-BB65-1A0BEAC292F2}.Debug|Any CPU.Build.0 = Debug|Any CPU
		{1BE924A9-C0AF-4F34-BB65-1A0BEAC292F2}.Release|Any CPU.ActiveCfg = Release|Any CPU
		{1BE924A9-C0AF-4F34-BB65-1A0BEAC292F2}.Release|Any CPU.Build.0 = Release|Any CPU
	EndGlobalSection
	GlobalSection(SolutionProperties) = preSolution
		HideSolutionNode = FALSE
	EndGlobalSection
	GlobalSection(ExtensibilityGlobals) = postSolution
		SolutionGuid = {59502C9C-388E-4EA7-803A-7AF760B995A0}
	EndGlobalSection
EndGlobal
